// !$*UTF8*$!
{
	archiveVersion = 1;
	classes = {
	};
	objectVersion = 50;
	objects = {

/* Begin PBXBuildFile section */
		0500A7B622F0811900440332 /* ItemsDevolucionVC.swift in Sources */ = {isa = PBXBuildFile; fileRef = 0500A7B522F0811900440332 /* ItemsDevolucionVC.swift */; };
		0500A7BE22F0A2C500440332 /* OptionDevolucionTableViewCell.swift in Sources */ = {isa = PBXBuildFile; fileRef = 0500A7BD22F0A2C500440332 /* OptionDevolucionTableViewCell.swift */; };
		0500A7C022F0A68100440332 /* ResumenItemsDevolucionVC.swift in Sources */ = {isa = PBXBuildFile; fileRef = 0500A7BF22F0A68100440332 /* ResumenItemsDevolucionVC.swift */; };
		0500A7C322F0C62C00440332 /* ReporteDanoVC.swift in Sources */ = {isa = PBXBuildFile; fileRef = 0500A7C222F0C62C00440332 /* ReporteDanoVC.swift */; };
		0500A7C522F0C64200440332 /* ReporteDano.swift in Sources */ = {isa = PBXBuildFile; fileRef = 0500A7C422F0C64200440332 /* ReporteDano.swift */; };
		0500A7C722F0CDC200440332 /* ConfirmacionDatosDanoVC.swift in Sources */ = {isa = PBXBuildFile; fileRef = 0500A7C622F0CDC200440332 /* ConfirmacionDatosDanoVC.swift */; };
		0500A7C922F0CF9C00440332 /* ItemsDanoVC.swift in Sources */ = {isa = PBXBuildFile; fileRef = 0500A7C822F0CF9C00440332 /* ItemsDanoVC.swift */; };
		050C2E052333FC3700F9B8C0 /* DocumentoClienteViewController.swift in Sources */ = {isa = PBXBuildFile; fileRef = 050C2E042333FC3700F9B8C0 /* DocumentoClienteViewController.swift */; };
		050C2E07233402AB00F9B8C0 /* NumerosDevolucionViewController.swift in Sources */ = {isa = PBXBuildFile; fileRef = 050C2E06233402AB00F9B8C0 /* NumerosDevolucionViewController.swift */; };
		050C2E0923342A1700F9B8C0 /* EnviarReporteDevolucionViewController.swift in Sources */ = {isa = PBXBuildFile; fileRef = 050C2E0823342A1700F9B8C0 /* EnviarReporteDevolucionViewController.swift */; };
		0517AEF522DD1F8D00422D70 /* ReporteEnvio.swift in Sources */ = {isa = PBXBuildFile; fileRef = 0517AEF422DD1F8D00422D70 /* ReporteEnvio.swift */; };
		0517AEF722DD2CC700422D70 /* Proyecto.swift in Sources */ = {isa = PBXBuildFile; fileRef = 0517AEF622DD2CC700422D70 /* Proyecto.swift */; };
		0517AEF922DD413A00422D70 /* ConfirmacionProyectoVC.swift in Sources */ = {isa = PBXBuildFile; fileRef = 0517AEF822DD413A00422D70 /* ConfirmacionProyectoVC.swift */; };
		052A369922F0F47200B68DB5 /* ResumenItemsDanoVC.swift in Sources */ = {isa = PBXBuildFile; fileRef = 052A369822F0F47200B68DB5 /* ResumenItemsDanoVC.swift */; };
		052A369B22F0F8FB00B68DB5 /* EnviarCorreosDanoVC.swift in Sources */ = {isa = PBXBuildFile; fileRef = 052A369A22F0F8FB00B68DB5 /* EnviarCorreosDanoVC.swift */; };
		053D482722EF3EF500752F15 /* ReporteDevolucionVC.swift in Sources */ = {isa = PBXBuildFile; fileRef = 053D482622EF3EF500752F15 /* ReporteDevolucionVC.swift */; };
		053D482922EF3F1F00752F15 /* ReporteDevolucion.swift in Sources */ = {isa = PBXBuildFile; fileRef = 053D482822EF3F1F00752F15 /* ReporteDevolucion.swift */; };
		053D482B22EF592600752F15 /* ConfirmacionDatosDevolucionVC.swift in Sources */ = {isa = PBXBuildFile; fileRef = 053D482A22EF592600752F15 /* ConfirmacionDatosDevolucionVC.swift */; };
		053D482D22EFA12500752F15 /* DatosTransporteDevolucionVC.swift in Sources */ = {isa = PBXBuildFile; fileRef = 053D482C22EFA12500752F15 /* DatosTransporteDevolucionVC.swift */; };
		0562DEC722F23F4D0096FD61 /* ReporteObraVC.swift in Sources */ = {isa = PBXBuildFile; fileRef = 0562DEC622F23F4D0096FD61 /* ReporteObraVC.swift */; };
		0562DEC922F2405F0096FD61 /* ReporteCapacitacion.swift in Sources */ = {isa = PBXBuildFile; fileRef = 0562DEC822F2405F0096FD61 /* ReporteCapacitacion.swift */; };
		0562DECB22F240B60096FD61 /* ActividadCapacitacion.swift in Sources */ = {isa = PBXBuildFile; fileRef = 0562DECA22F240B60096FD61 /* ActividadCapacitacion.swift */; };
		0562DECD22F2434A0096FD61 /* ConfirmacionDatosCapacitacionVC.swift in Sources */ = {isa = PBXBuildFile; fileRef = 0562DECC22F2434A0096FD61 /* ConfirmacionDatosCapacitacionVC.swift */; };
		0562DECF22F244B70096FD61 /* ItemsCapacitacionVC.swift in Sources */ = {isa = PBXBuildFile; fileRef = 0562DECE22F244B70096FD61 /* ItemsCapacitacionVC.swift */; };
		0562DED322F251580096FD61 /* ResumenCapacitacionVC.swift in Sources */ = {isa = PBXBuildFile; fileRef = 0562DED222F251580096FD61 /* ResumenCapacitacionVC.swift */; };
		0562DED722F272960096FD61 /* EnviarCorreosCapacitacionVC.swift in Sources */ = {isa = PBXBuildFile; fileRef = 0562DED622F272960096FD61 /* EnviarCorreosCapacitacionVC.swift */; };
		057ACE9022F9FFFD00D2D095 /* TipoDano.swift in Sources */ = {isa = PBXBuildFile; fileRef = 057ACE8F22F9FFFD00D2D095 /* TipoDano.swift */; };
		0583B5A022F351BA00E1B5C4 /* ReporteSeguimientoVC.swift in Sources */ = {isa = PBXBuildFile; fileRef = 0583B59F22F351BA00E1B5C4 /* ReporteSeguimientoVC.swift */; };
		0583B5A222F3524B00E1B5C4 /* ReporteSeguimiento.swift in Sources */ = {isa = PBXBuildFile; fileRef = 0583B5A122F3524B00E1B5C4 /* ReporteSeguimiento.swift */; };
		0583B5A422F3538E00E1B5C4 /* ConfirmacionDatosSeguimientoVC.swift in Sources */ = {isa = PBXBuildFile; fileRef = 0583B5A322F3538E00E1B5C4 /* ConfirmacionDatosSeguimientoVC.swift */; };
		0583B5A622F3574B00E1B5C4 /* ItemsSeguimientoVC.swift in Sources */ = {isa = PBXBuildFile; fileRef = 0583B5A522F3574B00E1B5C4 /* ItemsSeguimientoVC.swift */; };
		0583B5AA22F35AAB00E1B5C4 /* ResumenSeguimientoViewController.swift in Sources */ = {isa = PBXBuildFile; fileRef = 0583B5A922F35AAB00E1B5C4 /* ResumenSeguimientoViewController.swift */; };
		0583B5AC22F35BC000E1B5C4 /* EnviarCorreosSeguimientoVC.swift in Sources */ = {isa = PBXBuildFile; fileRef = 0583B5AB22F35BC000E1B5C4 /* EnviarCorreosSeguimientoVC.swift */; };
		0583B5B122F39E6A00E1B5C4 /* FirebaseDBManager.swift in Sources */ = {isa = PBXBuildFile; fileRef = 0583B5B022F39E6A00E1B5C4 /* FirebaseDBManager.swift */; };
		0583B5B322F3C4FF00E1B5C4 /* StorageManager.swift in Sources */ = {isa = PBXBuildFile; fileRef = 0583B5B222F3C4FF00E1B5C4 /* StorageManager.swift */; };
		05897CDF22C3FD83008AF884 /* AppDelegate.swift in Sources */ = {isa = PBXBuildFile; fileRef = 05897CDE22C3FD83008AF884 /* AppDelegate.swift */; };
		05897CE122C3FD83008AF884 /* InicioVC.swift in Sources */ = {isa = PBXBuildFile; fileRef = 05897CE022C3FD83008AF884 /* InicioVC.swift */; };
		05897CE422C3FD83008AF884 /* Main.storyboard in Resources */ = {isa = PBXBuildFile; fileRef = 05897CE222C3FD83008AF884 /* Main.storyboard */; };
		05897CE622C3FD85008AF884 /* Assets.xcassets in Resources */ = {isa = PBXBuildFile; fileRef = 05897CE522C3FD85008AF884 /* Assets.xcassets */; };
		05897CE922C3FD85008AF884 /* LaunchScreen.storyboard in Resources */ = {isa = PBXBuildFile; fileRef = 05897CE722C3FD85008AF884 /* LaunchScreen.storyboard */; };
		05897CF122C40242008AF884 /* GoogleService-Info.plist in Resources */ = {isa = PBXBuildFile; fileRef = 05897CF022C40242008AF884 /* GoogleService-Info.plist */; };
		0592F20022DE3AF500F6EA21 /* ItemsVC.swift in Sources */ = {isa = PBXBuildFile; fileRef = 0592F1FF22DE3AF500F6EA21 /* ItemsVC.swift */; };
		059C963722CDD969006CBF9A /* Cliente.swift in Sources */ = {isa = PBXBuildFile; fileRef = 059C963622CDD969006CBF9A /* Cliente.swift */; };
		05A113D122C4117100D0A16E /* HelveticaNeueLTW1G-Light.otf in Resources */ = {isa = PBXBuildFile; fileRef = 05A113CF22C4117000D0A16E /* HelveticaNeueLTW1G-Light.otf */; };
		05A113D222C4117100D0A16E /* HelveticaNeueLTW1G-BOLD.otf in Resources */ = {isa = PBXBuildFile; fileRef = 05A113D022C4117000D0A16E /* HelveticaNeueLTW1G-BOLD.otf */; };
		05A113D422C412D600D0A16E /* Constants.swift in Sources */ = {isa = PBXBuildFile; fileRef = 05A113D322C412D600D0A16E /* Constants.swift */; };
		05A113D722C41BD200D0A16E /* MainMenu.swift in Sources */ = {isa = PBXBuildFile; fileRef = 05A113D622C41BD200D0A16E /* MainMenu.swift */; };
		05C9C0AA2332F6D10056B96A /* EnviarCorreoEnvioViewController.swift in Sources */ = {isa = PBXBuildFile; fileRef = 05C9C0A92332F6D10056B96A /* EnviarCorreoEnvioViewController.swift */; };
		05D055DD22E0FD5200B504F8 /* ResumenItemsVC.swift in Sources */ = {isa = PBXBuildFile; fileRef = 05D055DC22E0FD5200B504F8 /* ResumenItemsVC.swift */; };
		05D055E122E11F5500B504F8 /* FotosResumenTableViewCell.swift in Sources */ = {isa = PBXBuildFile; fileRef = 05D055E022E11F5500B504F8 /* FotosResumenTableViewCell.swift */; };
		05D055E322E1409E00B504F8 /* HeaderResumenItemsTableViewCell.swift in Sources */ = {isa = PBXBuildFile; fileRef = 05D055E222E1409E00B504F8 /* HeaderResumenItemsTableViewCell.swift */; };
		05D29C45232C3E65003D1837 /* ListasDeCargaViewController.swift in Sources */ = {isa = PBXBuildFile; fileRef = 05D29C44232C3E65003D1837 /* ListasDeCargaViewController.swift */; };
		05D29C47232C53A5003D1837 /* RemisionTableViewCell.swift in Sources */ = {isa = PBXBuildFile; fileRef = 05D29C46232C53A5003D1837 /* RemisionTableViewCell.swift */; };
		05E508D322DE6DF300A1C911 /* Item.swift in Sources */ = {isa = PBXBuildFile; fileRef = 05E508D222DE6DF300A1C911 /* Item.swift */; };
		05E93BB922C43E790018FF2A /* ReporteEnvioVC.swift in Sources */ = {isa = PBXBuildFile; fileRef = 05E93BB822C43E790018FF2A /* ReporteEnvioVC.swift */; };
		05E93BBC22C4405C0018FF2A /* OptionTableViewCell.swift in Sources */ = {isa = PBXBuildFile; fileRef = 05E93BBB22C4405C0018FF2A /* OptionTableViewCell.swift */; };
		05EC3397233D8E100059F6A6 /* LoginViewController.swift in Sources */ = {isa = PBXBuildFile; fileRef = 05EC3396233D8E100059F6A6 /* LoginViewController.swift */; };
		05EEDE1422E2587300F129F6 /* FotosTransporteVC.swift in Sources */ = {isa = PBXBuildFile; fileRef = 05EEDE1322E2587300F129F6 /* FotosTransporteVC.swift */; };
		05F3C81922F120AC00B89B7C /* ReporteCapacitacionVC.swift in Sources */ = {isa = PBXBuildFile; fileRef = 05F3C81822F120AC00B89B7C /* ReporteCapacitacionVC.swift */; };
		05F96FC522E0F60B00E3CAC6 /* AgregarRemisionVC.swift in Sources */ = {isa = PBXBuildFile; fileRef = 05F96FC422E0F60B00E3CAC6 /* AgregarRemisionVC.swift */; };
		D37B9BD2EA26D39CD9C6C54E /* Pods_TuDoka.framework in Frameworks */ = {isa = PBXBuildFile; fileRef = 97F8F085EE329E6E2798FA0A /* Pods_TuDoka.framework */; };
/* End PBXBuildFile section */

/* Begin PBXFileReference section */
		0500A7B522F0811900440332 /* ItemsDevolucionVC.swift */ = {isa = PBXFileReference; lastKnownFileType = sourcecode.swift; path = ItemsDevolucionVC.swift; sourceTree = "<group>"; };
		0500A7BD22F0A2C500440332 /* OptionDevolucionTableViewCell.swift */ = {isa = PBXFileReference; lastKnownFileType = sourcecode.swift; path = OptionDevolucionTableViewCell.swift; sourceTree = "<group>"; };
		0500A7BF22F0A68100440332 /* ResumenItemsDevolucionVC.swift */ = {isa = PBXFileReference; lastKnownFileType = sourcecode.swift; path = ResumenItemsDevolucionVC.swift; sourceTree = "<group>"; };
		0500A7C222F0C62C00440332 /* ReporteDanoVC.swift */ = {isa = PBXFileReference; lastKnownFileType = sourcecode.swift; path = ReporteDanoVC.swift; sourceTree = "<group>"; };
		0500A7C422F0C64200440332 /* ReporteDano.swift */ = {isa = PBXFileReference; lastKnownFileType = sourcecode.swift; path = ReporteDano.swift; sourceTree = "<group>"; };
		0500A7C622F0CDC200440332 /* ConfirmacionDatosDanoVC.swift */ = {isa = PBXFileReference; lastKnownFileType = sourcecode.swift; path = ConfirmacionDatosDanoVC.swift; sourceTree = "<group>"; };
		0500A7C822F0CF9C00440332 /* ItemsDanoVC.swift */ = {isa = PBXFileReference; lastKnownFileType = sourcecode.swift; path = ItemsDanoVC.swift; sourceTree = "<group>"; };
		050C2E042333FC3700F9B8C0 /* DocumentoClienteViewController.swift */ = {isa = PBXFileReference; lastKnownFileType = sourcecode.swift; path = DocumentoClienteViewController.swift; sourceTree = "<group>"; };
		050C2E06233402AB00F9B8C0 /* NumerosDevolucionViewController.swift */ = {isa = PBXFileReference; lastKnownFileType = sourcecode.swift; path = NumerosDevolucionViewController.swift; sourceTree = "<group>"; };
		050C2E0823342A1700F9B8C0 /* EnviarReporteDevolucionViewController.swift */ = {isa = PBXFileReference; lastKnownFileType = sourcecode.swift; path = EnviarReporteDevolucionViewController.swift; sourceTree = "<group>"; };
		0517AEF422DD1F8D00422D70 /* ReporteEnvio.swift */ = {isa = PBXFileReference; lastKnownFileType = sourcecode.swift; path = ReporteEnvio.swift; sourceTree = "<group>"; };
		0517AEF622DD2CC700422D70 /* Proyecto.swift */ = {isa = PBXFileReference; lastKnownFileType = sourcecode.swift; path = Proyecto.swift; sourceTree = "<group>"; };
		0517AEF822DD413A00422D70 /* ConfirmacionProyectoVC.swift */ = {isa = PBXFileReference; lastKnownFileType = sourcecode.swift; path = ConfirmacionProyectoVC.swift; sourceTree = "<group>"; };
		052A369822F0F47200B68DB5 /* ResumenItemsDanoVC.swift */ = {isa = PBXFileReference; lastKnownFileType = sourcecode.swift; path = ResumenItemsDanoVC.swift; sourceTree = "<group>"; };
		052A369A22F0F8FB00B68DB5 /* EnviarCorreosDanoVC.swift */ = {isa = PBXFileReference; lastKnownFileType = sourcecode.swift; path = EnviarCorreosDanoVC.swift; sourceTree = "<group>"; };
		053D482622EF3EF500752F15 /* ReporteDevolucionVC.swift */ = {isa = PBXFileReference; lastKnownFileType = sourcecode.swift; path = ReporteDevolucionVC.swift; sourceTree = "<group>"; };
		053D482822EF3F1F00752F15 /* ReporteDevolucion.swift */ = {isa = PBXFileReference; lastKnownFileType = sourcecode.swift; path = ReporteDevolucion.swift; sourceTree = "<group>"; };
		053D482A22EF592600752F15 /* ConfirmacionDatosDevolucionVC.swift */ = {isa = PBXFileReference; lastKnownFileType = sourcecode.swift; path = ConfirmacionDatosDevolucionVC.swift; sourceTree = "<group>"; };
		053D482C22EFA12500752F15 /* DatosTransporteDevolucionVC.swift */ = {isa = PBXFileReference; lastKnownFileType = sourcecode.swift; path = DatosTransporteDevolucionVC.swift; sourceTree = "<group>"; };
		0562DEC622F23F4D0096FD61 /* ReporteObraVC.swift */ = {isa = PBXFileReference; lastKnownFileType = sourcecode.swift; path = ReporteObraVC.swift; sourceTree = "<group>"; };
		0562DEC822F2405F0096FD61 /* ReporteCapacitacion.swift */ = {isa = PBXFileReference; lastKnownFileType = sourcecode.swift; path = ReporteCapacitacion.swift; sourceTree = "<group>"; };
		0562DECA22F240B60096FD61 /* ActividadCapacitacion.swift */ = {isa = PBXFileReference; lastKnownFileType = sourcecode.swift; path = ActividadCapacitacion.swift; sourceTree = "<group>"; };
		0562DECC22F2434A0096FD61 /* ConfirmacionDatosCapacitacionVC.swift */ = {isa = PBXFileReference; lastKnownFileType = sourcecode.swift; path = ConfirmacionDatosCapacitacionVC.swift; sourceTree = "<group>"; };
		0562DECE22F244B70096FD61 /* ItemsCapacitacionVC.swift */ = {isa = PBXFileReference; lastKnownFileType = sourcecode.swift; path = ItemsCapacitacionVC.swift; sourceTree = "<group>"; };
		0562DED222F251580096FD61 /* ResumenCapacitacionVC.swift */ = {isa = PBXFileReference; lastKnownFileType = sourcecode.swift; path = ResumenCapacitacionVC.swift; sourceTree = "<group>"; };
		0562DED622F272960096FD61 /* EnviarCorreosCapacitacionVC.swift */ = {isa = PBXFileReference; lastKnownFileType = sourcecode.swift; path = EnviarCorreosCapacitacionVC.swift; sourceTree = "<group>"; };
		057ACE8F22F9FFFD00D2D095 /* TipoDano.swift */ = {isa = PBXFileReference; lastKnownFileType = sourcecode.swift; path = TipoDano.swift; sourceTree = "<group>"; };
		0583B59F22F351BA00E1B5C4 /* ReporteSeguimientoVC.swift */ = {isa = PBXFileReference; lastKnownFileType = sourcecode.swift; path = ReporteSeguimientoVC.swift; sourceTree = "<group>"; };
		0583B5A122F3524B00E1B5C4 /* ReporteSeguimiento.swift */ = {isa = PBXFileReference; lastKnownFileType = sourcecode.swift; path = ReporteSeguimiento.swift; sourceTree = "<group>"; };
		0583B5A322F3538E00E1B5C4 /* ConfirmacionDatosSeguimientoVC.swift */ = {isa = PBXFileReference; lastKnownFileType = sourcecode.swift; path = ConfirmacionDatosSeguimientoVC.swift; sourceTree = "<group>"; };
		0583B5A522F3574B00E1B5C4 /* ItemsSeguimientoVC.swift */ = {isa = PBXFileReference; lastKnownFileType = sourcecode.swift; path = ItemsSeguimientoVC.swift; sourceTree = "<group>"; };
		0583B5A922F35AAB00E1B5C4 /* ResumenSeguimientoViewController.swift */ = {isa = PBXFileReference; lastKnownFileType = sourcecode.swift; path = ResumenSeguimientoViewController.swift; sourceTree = "<group>"; };
		0583B5AB22F35BC000E1B5C4 /* EnviarCorreosSeguimientoVC.swift */ = {isa = PBXFileReference; lastKnownFileType = sourcecode.swift; path = EnviarCorreosSeguimientoVC.swift; sourceTree = "<group>"; };
		0583B5B022F39E6A00E1B5C4 /* FirebaseDBManager.swift */ = {isa = PBXFileReference; lastKnownFileType = sourcecode.swift; path = FirebaseDBManager.swift; sourceTree = "<group>"; };
		0583B5B222F3C4FF00E1B5C4 /* StorageManager.swift */ = {isa = PBXFileReference; lastKnownFileType = sourcecode.swift; path = StorageManager.swift; sourceTree = "<group>"; };
		05897CDB22C3FD83008AF884 /* TuDoka.app */ = {isa = PBXFileReference; explicitFileType = wrapper.application; includeInIndex = 0; path = TuDoka.app; sourceTree = BUILT_PRODUCTS_DIR; };
		05897CDE22C3FD83008AF884 /* AppDelegate.swift */ = {isa = PBXFileReference; lastKnownFileType = sourcecode.swift; path = AppDelegate.swift; sourceTree = "<group>"; };
		05897CE022C3FD83008AF884 /* InicioVC.swift */ = {isa = PBXFileReference; lastKnownFileType = sourcecode.swift; path = InicioVC.swift; sourceTree = "<group>"; };
		05897CE322C3FD83008AF884 /* Base */ = {isa = PBXFileReference; lastKnownFileType = file.storyboard; name = Base; path = Base.lproj/Main.storyboard; sourceTree = "<group>"; };
		05897CE522C3FD85008AF884 /* Assets.xcassets */ = {isa = PBXFileReference; lastKnownFileType = folder.assetcatalog; path = Assets.xcassets; sourceTree = "<group>"; };
		05897CE822C3FD85008AF884 /* Base */ = {isa = PBXFileReference; lastKnownFileType = file.storyboard; name = Base; path = Base.lproj/LaunchScreen.storyboard; sourceTree = "<group>"; };
		05897CEA22C3FD85008AF884 /* Info.plist */ = {isa = PBXFileReference; lastKnownFileType = text.plist.xml; path = Info.plist; sourceTree = "<group>"; };
		05897CF022C40242008AF884 /* GoogleService-Info.plist */ = {isa = PBXFileReference; fileEncoding = 4; lastKnownFileType = text.plist.xml; path = "GoogleService-Info.plist"; sourceTree = "<group>"; };
		0592F1FF22DE3AF500F6EA21 /* ItemsVC.swift */ = {isa = PBXFileReference; lastKnownFileType = sourcecode.swift; path = ItemsVC.swift; sourceTree = "<group>"; };
		059C963622CDD969006CBF9A /* Cliente.swift */ = {isa = PBXFileReference; lastKnownFileType = sourcecode.swift; path = Cliente.swift; sourceTree = "<group>"; };
		05A113CF22C4117000D0A16E /* HelveticaNeueLTW1G-Light.otf */ = {isa = PBXFileReference; lastKnownFileType = file; path = "HelveticaNeueLTW1G-Light.otf"; sourceTree = "<group>"; };
		05A113D022C4117000D0A16E /* HelveticaNeueLTW1G-BOLD.otf */ = {isa = PBXFileReference; lastKnownFileType = file; path = "HelveticaNeueLTW1G-BOLD.otf"; sourceTree = "<group>"; };
		05A113D322C412D600D0A16E /* Constants.swift */ = {isa = PBXFileReference; lastKnownFileType = sourcecode.swift; path = Constants.swift; sourceTree = "<group>"; };
		05A113D622C41BD200D0A16E /* MainMenu.swift */ = {isa = PBXFileReference; lastKnownFileType = sourcecode.swift; path = MainMenu.swift; sourceTree = "<group>"; };
		05C9C0A92332F6D10056B96A /* EnviarCorreoEnvioViewController.swift */ = {isa = PBXFileReference; lastKnownFileType = sourcecode.swift; path = EnviarCorreoEnvioViewController.swift; sourceTree = "<group>"; };
		05D055DC22E0FD5200B504F8 /* ResumenItemsVC.swift */ = {isa = PBXFileReference; lastKnownFileType = sourcecode.swift; path = ResumenItemsVC.swift; sourceTree = "<group>"; };
		05D055E022E11F5500B504F8 /* FotosResumenTableViewCell.swift */ = {isa = PBXFileReference; lastKnownFileType = sourcecode.swift; path = FotosResumenTableViewCell.swift; sourceTree = "<group>"; };
		05D055E222E1409E00B504F8 /* HeaderResumenItemsTableViewCell.swift */ = {isa = PBXFileReference; lastKnownFileType = sourcecode.swift; path = HeaderResumenItemsTableViewCell.swift; sourceTree = "<group>"; };
		05D29C44232C3E65003D1837 /* ListasDeCargaViewController.swift */ = {isa = PBXFileReference; lastKnownFileType = sourcecode.swift; path = ListasDeCargaViewController.swift; sourceTree = "<group>"; };
		05D29C46232C53A5003D1837 /* RemisionTableViewCell.swift */ = {isa = PBXFileReference; lastKnownFileType = sourcecode.swift; path = RemisionTableViewCell.swift; sourceTree = "<group>"; };
		05E508D222DE6DF300A1C911 /* Item.swift */ = {isa = PBXFileReference; lastKnownFileType = sourcecode.swift; path = Item.swift; sourceTree = "<group>"; };
		05E93BB822C43E790018FF2A /* ReporteEnvioVC.swift */ = {isa = PBXFileReference; lastKnownFileType = sourcecode.swift; path = ReporteEnvioVC.swift; sourceTree = "<group>"; };
		05E93BBB22C4405C0018FF2A /* OptionTableViewCell.swift */ = {isa = PBXFileReference; lastKnownFileType = sourcecode.swift; path = OptionTableViewCell.swift; sourceTree = "<group>"; };
		05EC3396233D8E100059F6A6 /* LoginViewController.swift */ = {isa = PBXFileReference; lastKnownFileType = sourcecode.swift; path = LoginViewController.swift; sourceTree = "<group>"; };
		05EEDE1322E2587300F129F6 /* FotosTransporteVC.swift */ = {isa = PBXFileReference; lastKnownFileType = sourcecode.swift; path = FotosTransporteVC.swift; sourceTree = "<group>"; };
		05F3C81822F120AC00B89B7C /* ReporteCapacitacionVC.swift */ = {isa = PBXFileReference; lastKnownFileType = sourcecode.swift; path = ReporteCapacitacionVC.swift; sourceTree = "<group>"; };
		05F96FC422E0F60B00E3CAC6 /* AgregarRemisionVC.swift */ = {isa = PBXFileReference; lastKnownFileType = sourcecode.swift; path = AgregarRemisionVC.swift; sourceTree = "<group>"; };
		97F8F085EE329E6E2798FA0A /* Pods_TuDoka.framework */ = {isa = PBXFileReference; explicitFileType = wrapper.framework; includeInIndex = 0; path = Pods_TuDoka.framework; sourceTree = BUILT_PRODUCTS_DIR; };
		B72034197965470630B3D5B6 /* Pods-TuDoka.release.xcconfig */ = {isa = PBXFileReference; includeInIndex = 1; lastKnownFileType = text.xcconfig; name = "Pods-TuDoka.release.xcconfig"; path = "Pods/Target Support Files/Pods-TuDoka/Pods-TuDoka.release.xcconfig"; sourceTree = "<group>"; };
		B7F112B4EAB0F69CD94BFD79 /* Pods-TuDoka.debug.xcconfig */ = {isa = PBXFileReference; includeInIndex = 1; lastKnownFileType = text.xcconfig; name = "Pods-TuDoka.debug.xcconfig"; path = "Pods/Target Support Files/Pods-TuDoka/Pods-TuDoka.debug.xcconfig"; sourceTree = "<group>"; };
/* End PBXFileReference section */

/* Begin PBXFrameworksBuildPhase section */
		05897CD822C3FD83008AF884 /* Frameworks */ = {
			isa = PBXFrameworksBuildPhase;
			buildActionMask = 2147483647;
			files = (
				D37B9BD2EA26D39CD9C6C54E /* Pods_TuDoka.framework in Frameworks */,
			);
			runOnlyForDeploymentPostprocessing = 0;
		};
/* End PBXFrameworksBuildPhase section */

/* Begin PBXGroup section */
		0500A7B722F086CC00440332 /* Devolucion */ = {
			isa = PBXGroup;
			children = (
				053D482622EF3EF500752F15 /* ReporteDevolucionVC.swift */,
				053D482A22EF592600752F15 /* ConfirmacionDatosDevolucionVC.swift */,
				050C2E042333FC3700F9B8C0 /* DocumentoClienteViewController.swift */,
				050C2E06233402AB00F9B8C0 /* NumerosDevolucionViewController.swift */,
				053D482C22EFA12500752F15 /* DatosTransporteDevolucionVC.swift */,
				0500A7B522F0811900440332 /* ItemsDevolucionVC.swift */,
				0500A7BF22F0A68100440332 /* ResumenItemsDevolucionVC.swift */,
				050C2E0823342A1700F9B8C0 /* EnviarReporteDevolucionViewController.swift */,
			);
			name = Devolucion;
			sourceTree = "<group>";
		};
		0500A7B822F086EC00440332 /* Envio */ = {
			isa = PBXGroup;
			children = (
				05E93BB822C43E790018FF2A /* ReporteEnvioVC.swift */,
				0517AEF822DD413A00422D70 /* ConfirmacionProyectoVC.swift */,
				0592F1FF22DE3AF500F6EA21 /* ItemsVC.swift */,
				05D055DC22E0FD5200B504F8 /* ResumenItemsVC.swift */,
				05D29C44232C3E65003D1837 /* ListasDeCargaViewController.swift */,
				05EEDE1322E2587300F129F6 /* FotosTransporteVC.swift */,
				05F96FC422E0F60B00E3CAC6 /* AgregarRemisionVC.swift */,
				05C9C0A92332F6D10056B96A /* EnviarCorreoEnvioViewController.swift */,
			);
			name = Envio;
			sourceTree = "<group>";
		};
		0500A7C122F0C5DA00440332 /* Dano */ = {
			isa = PBXGroup;
			children = (
				0500A7C222F0C62C00440332 /* ReporteDanoVC.swift */,
				0500A7C622F0CDC200440332 /* ConfirmacionDatosDanoVC.swift */,
				0500A7C822F0CF9C00440332 /* ItemsDanoVC.swift */,
				052A369822F0F47200B68DB5 /* ResumenItemsDanoVC.swift */,
				052A369A22F0F8FB00B68DB5 /* EnviarCorreosDanoVC.swift */,
			);
			name = Dano;
			sourceTree = "<group>";
		};
		052A369C22F118DA00B68DB5 /* Capacitacion */ = {
			isa = PBXGroup;
			children = (
				05F3C81822F120AC00B89B7C /* ReporteCapacitacionVC.swift */,
				0562DECC22F2434A0096FD61 /* ConfirmacionDatosCapacitacionVC.swift */,
				0562DECE22F244B70096FD61 /* ItemsCapacitacionVC.swift */,
				0562DED222F251580096FD61 /* ResumenCapacitacionVC.swift */,
				0562DED622F272960096FD61 /* EnviarCorreosCapacitacionVC.swift */,
			);
			name = Capacitacion;
			sourceTree = "<group>";
		};
		0583B59E22F3519600E1B5C4 /* Seguimiento */ = {
			isa = PBXGroup;
			children = (
				0583B59F22F351BA00E1B5C4 /* ReporteSeguimientoVC.swift */,
				0583B5A322F3538E00E1B5C4 /* ConfirmacionDatosSeguimientoVC.swift */,
				0583B5A522F3574B00E1B5C4 /* ItemsSeguimientoVC.swift */,
				0583B5A922F35AAB00E1B5C4 /* ResumenSeguimientoViewController.swift */,
				0583B5AB22F35BC000E1B5C4 /* EnviarCorreosSeguimientoVC.swift */,
			);
			name = Seguimiento;
			sourceTree = "<group>";
		};
		0583B5AD22F3626B00E1B5C4 /* Controllers */ = {
			isa = PBXGroup;
			children = (
				0583B5B022F39E6A00E1B5C4 /* FirebaseDBManager.swift */,
				0583B5B222F3C4FF00E1B5C4 /* StorageManager.swift */,
			);
			path = Controllers;
			sourceTree = "<group>";
		};
		05897CD222C3FD83008AF884 = {
			isa = PBXGroup;
			children = (
				05897CDD22C3FD83008AF884 /* TuDoka */,
				05897CDC22C3FD83008AF884 /* Products */,
				523493E27359ACB352C07011 /* Pods */,
				A046AE37E19ABC2DF0E580D9 /* Frameworks */,
			);
			sourceTree = "<group>";
		};
		05897CDC22C3FD83008AF884 /* Products */ = {
			isa = PBXGroup;
			children = (
				05897CDB22C3FD83008AF884 /* TuDoka.app */,
			);
			name = Products;
			sourceTree = "<group>";
		};
		05897CDD22C3FD83008AF884 /* TuDoka */ = {
			isa = PBXGroup;
			children = (
				0583B5AD22F3626B00E1B5C4 /* Controllers */,
				059C963522CDD92A006CBF9A /* Model */,
				05E93BBA22C440010018FF2A /* AuxiliarViews */,
				05A113D522C416E800D0A16E /* View */,
				05A113CE22C4115100D0A16E /* Fonts */,
				05897CDE22C3FD83008AF884 /* AppDelegate.swift */,
				05897CF022C40242008AF884 /* GoogleService-Info.plist */,
				05897CE222C3FD83008AF884 /* Main.storyboard */,
				05897CE522C3FD85008AF884 /* Assets.xcassets */,
				05897CE722C3FD85008AF884 /* LaunchScreen.storyboard */,
				05897CEA22C3FD85008AF884 /* Info.plist */,
				05A113D322C412D600D0A16E /* Constants.swift */,
			);
			path = TuDoka;
			sourceTree = "<group>";
		};
		059C963522CDD92A006CBF9A /* Model */ = {
			isa = PBXGroup;
			children = (
				059C963622CDD969006CBF9A /* Cliente.swift */,
				0517AEF622DD2CC700422D70 /* Proyecto.swift */,
				05E508D222DE6DF300A1C911 /* Item.swift */,
				0517AEF422DD1F8D00422D70 /* ReporteEnvio.swift */,
				053D482822EF3F1F00752F15 /* ReporteDevolucion.swift */,
				0500A7C422F0C64200440332 /* ReporteDano.swift */,
				0562DEC822F2405F0096FD61 /* ReporteCapacitacion.swift */,
				0562DECA22F240B60096FD61 /* ActividadCapacitacion.swift */,
				0583B5A122F3524B00E1B5C4 /* ReporteSeguimiento.swift */,
				057ACE8F22F9FFFD00D2D095 /* TipoDano.swift */,
			);
			path = Model;
			sourceTree = "<group>";
		};
		05A113CE22C4115100D0A16E /* Fonts */ = {
			isa = PBXGroup;
			children = (
				05A113D022C4117000D0A16E /* HelveticaNeueLTW1G-BOLD.otf */,
				05A113CF22C4117000D0A16E /* HelveticaNeueLTW1G-Light.otf */,
			);
			path = Fonts;
			sourceTree = "<group>";
		};
		05A113D522C416E800D0A16E /* View */ = {
			isa = PBXGroup;
			children = (
				0583B59E22F3519600E1B5C4 /* Seguimiento */,
				052A369C22F118DA00B68DB5 /* Capacitacion */,
				0500A7C122F0C5DA00440332 /* Dano */,
				0500A7B822F086EC00440332 /* Envio */,
				0500A7B722F086CC00440332 /* Devolucion */,
				05897CE022C3FD83008AF884 /* InicioVC.swift */,
				05A113D622C41BD200D0A16E /* MainMenu.swift */,
				0562DEC622F23F4D0096FD61 /* ReporteObraVC.swift */,
				05EC3396233D8E100059F6A6 /* LoginViewController.swift */,
			);
			path = View;
			sourceTree = "<group>";
		};
		05E93BBA22C440010018FF2A /* AuxiliarViews */ = {
			isa = PBXGroup;
			children = (
				05E93BBB22C4405C0018FF2A /* OptionTableViewCell.swift */,
				05D055E022E11F5500B504F8 /* FotosResumenTableViewCell.swift */,
				05D055E222E1409E00B504F8 /* HeaderResumenItemsTableViewCell.swift */,
				0500A7BD22F0A2C500440332 /* OptionDevolucionTableViewCell.swift */,
				05D29C46232C53A5003D1837 /* RemisionTableViewCell.swift */,
			);
			path = AuxiliarViews;
			sourceTree = "<group>";
		};
		523493E27359ACB352C07011 /* Pods */ = {
			isa = PBXGroup;
			children = (
				B7F112B4EAB0F69CD94BFD79 /* Pods-TuDoka.debug.xcconfig */,
				B72034197965470630B3D5B6 /* Pods-TuDoka.release.xcconfig */,
			);
			name = Pods;
			sourceTree = "<group>";
		};
		A046AE37E19ABC2DF0E580D9 /* Frameworks */ = {
			isa = PBXGroup;
			children = (
				97F8F085EE329E6E2798FA0A /* Pods_TuDoka.framework */,
			);
			name = Frameworks;
			sourceTree = "<group>";
		};
/* End PBXGroup section */

/* Begin PBXNativeTarget section */
		05897CDA22C3FD83008AF884 /* TuDoka */ = {
			isa = PBXNativeTarget;
			buildConfigurationList = 05897CED22C3FD85008AF884 /* Build configuration list for PBXNativeTarget "TuDoka" */;
			buildPhases = (
				8BFE9F7F9CCBCAA5B2DFCBDA /* [CP] Check Pods Manifest.lock */,
				05897CD722C3FD83008AF884 /* Sources */,
				05897CD822C3FD83008AF884 /* Frameworks */,
				05897CD922C3FD83008AF884 /* Resources */,
				BF744B3761428ADE1703F176 /* [CP] Embed Pods Frameworks */,
			);
			buildRules = (
			);
			dependencies = (
			);
			name = TuDoka;
			productName = TuDoka;
			productReference = 05897CDB22C3FD83008AF884 /* TuDoka.app */;
			productType = "com.apple.product-type.application";
		};
/* End PBXNativeTarget section */

/* Begin PBXProject section */
		05897CD322C3FD83008AF884 /* Project object */ = {
			isa = PBXProject;
			attributes = {
				LastSwiftUpdateCheck = 1020;
				LastUpgradeCheck = 1020;
				ORGANIZATIONNAME = "M y T Desarrollo de Software";
				TargetAttributes = {
					05897CDA22C3FD83008AF884 = {
						CreatedOnToolsVersion = 10.2.1;
					};
				};
			};
			buildConfigurationList = 05897CD622C3FD83008AF884 /* Build configuration list for PBXProject "TuDoka" */;
			compatibilityVersion = "Xcode 9.3";
			developmentRegion = en;
			hasScannedForEncodings = 0;
			knownRegions = (
				en,
				Base,
			);
			mainGroup = 05897CD222C3FD83008AF884;
			productRefGroup = 05897CDC22C3FD83008AF884 /* Products */;
			projectDirPath = "";
			projectRoot = "";
			targets = (
				05897CDA22C3FD83008AF884 /* TuDoka */,
			);
		};
/* End PBXProject section */

/* Begin PBXResourcesBuildPhase section */
		05897CD922C3FD83008AF884 /* Resources */ = {
			isa = PBXResourcesBuildPhase;
			buildActionMask = 2147483647;
			files = (
				05A113D122C4117100D0A16E /* HelveticaNeueLTW1G-Light.otf in Resources */,
				05A113D222C4117100D0A16E /* HelveticaNeueLTW1G-BOLD.otf in Resources */,
				05897CE922C3FD85008AF884 /* LaunchScreen.storyboard in Resources */,
				05897CF122C40242008AF884 /* GoogleService-Info.plist in Resources */,
				05897CE622C3FD85008AF884 /* Assets.xcassets in Resources */,
				05897CE422C3FD83008AF884 /* Main.storyboard in Resources */,
			);
			runOnlyForDeploymentPostprocessing = 0;
		};
/* End PBXResourcesBuildPhase section */

/* Begin PBXShellScriptBuildPhase section */
		8BFE9F7F9CCBCAA5B2DFCBDA /* [CP] Check Pods Manifest.lock */ = {
			isa = PBXShellScriptBuildPhase;
			buildActionMask = 2147483647;
			files = (
			);
			inputPaths = (
				"${PODS_PODFILE_DIR_PATH}/Podfile.lock",
				"${PODS_ROOT}/Manifest.lock",
			);
			name = "[CP] Check Pods Manifest.lock";
			outputPaths = (
				"$(DERIVED_FILE_DIR)/Pods-TuDoka-checkManifestLockResult.txt",
			);
			runOnlyForDeploymentPostprocessing = 0;
			shellPath = /bin/sh;
			shellScript = "diff \"${PODS_PODFILE_DIR_PATH}/Podfile.lock\" \"${PODS_ROOT}/Manifest.lock\" > /dev/null\nif [ $? != 0 ] ; then\n    # print error to STDERR\n    echo \"error: The sandbox is not in sync with the Podfile.lock. Run 'pod install' or update your CocoaPods installation.\" >&2\n    exit 1\nfi\n# This output is used by Xcode 'outputs' to avoid re-running this script phase.\necho \"SUCCESS\" > \"${SCRIPT_OUTPUT_FILE_0}\"\n";
			showEnvVarsInLog = 0;
		};
		BF744B3761428ADE1703F176 /* [CP] Embed Pods Frameworks */ = {
			isa = PBXShellScriptBuildPhase;
			buildActionMask = 2147483647;
			files = (
			);
			inputPaths = (
				"${SRCROOT}/Pods/Target Support Files/Pods-TuDoka/Pods-TuDoka-frameworks.sh",
				"${BUILT_PRODUCTS_DIR}/BoringSSL/openssl.framework",
				"${BUILT_PRODUCTS_DIR}/GTMSessionFetcher/GTMSessionFetcher.framework",
				"${BUILT_PRODUCTS_DIR}/GoogleToolboxForMac/GoogleToolboxForMac.framework",
				"${BUILT_PRODUCTS_DIR}/Protobuf/Protobuf.framework",
				"${BUILT_PRODUCTS_DIR}/gRPC/GRPCClient.framework",
				"${BUILT_PRODUCTS_DIR}/gRPC-Core/grpc.framework",
				"${BUILT_PRODUCTS_DIR}/gRPC-ProtoRPC/ProtoRPC.framework",
				"${BUILT_PRODUCTS_DIR}/gRPC-RxLibrary/RxLibrary.framework",
				"${BUILT_PRODUCTS_DIR}/leveldb-library/leveldb.framework",
				"${BUILT_PRODUCTS_DIR}/nanopb/nanopb.framework",
			);
			name = "[CP] Embed Pods Frameworks";
			outputPaths = (
				"${TARGET_BUILD_DIR}/${FRAMEWORKS_FOLDER_PATH}/openssl.framework",
				"${TARGET_BUILD_DIR}/${FRAMEWORKS_FOLDER_PATH}/GTMSessionFetcher.framework",
				"${TARGET_BUILD_DIR}/${FRAMEWORKS_FOLDER_PATH}/GoogleToolboxForMac.framework",
				"${TARGET_BUILD_DIR}/${FRAMEWORKS_FOLDER_PATH}/Protobuf.framework",
				"${TARGET_BUILD_DIR}/${FRAMEWORKS_FOLDER_PATH}/GRPCClient.framework",
				"${TARGET_BUILD_DIR}/${FRAMEWORKS_FOLDER_PATH}/grpc.framework",
				"${TARGET_BUILD_DIR}/${FRAMEWORKS_FOLDER_PATH}/ProtoRPC.framework",
				"${TARGET_BUILD_DIR}/${FRAMEWORKS_FOLDER_PATH}/RxLibrary.framework",
				"${TARGET_BUILD_DIR}/${FRAMEWORKS_FOLDER_PATH}/leveldb.framework",
				"${TARGET_BUILD_DIR}/${FRAMEWORKS_FOLDER_PATH}/nanopb.framework",
			);
			runOnlyForDeploymentPostprocessing = 0;
			shellPath = /bin/sh;
			shellScript = "\"${SRCROOT}/Pods/Target Support Files/Pods-TuDoka/Pods-TuDoka-frameworks.sh\"\n";
			showEnvVarsInLog = 0;
		};
/* End PBXShellScriptBuildPhase section */

/* Begin PBXSourcesBuildPhase section */
		05897CD722C3FD83008AF884 /* Sources */ = {
			isa = PBXSourcesBuildPhase;
			buildActionMask = 2147483647;
			files = (
				05EC3397233D8E100059F6A6 /* LoginViewController.swift in Sources */,
				05897CE122C3FD83008AF884 /* InicioVC.swift in Sources */,
				0583B5A222F3524B00E1B5C4 /* ReporteSeguimiento.swift in Sources */,
				0583B5AC22F35BC000E1B5C4 /* EnviarCorreosSeguimientoVC.swift in Sources */,
				05D055DD22E0FD5200B504F8 /* ResumenItemsVC.swift in Sources */,
				053D482B22EF592600752F15 /* ConfirmacionDatosDevolucionVC.swift in Sources */,
				0500A7C522F0C64200440332 /* ReporteDano.swift in Sources */,
				05D29C45232C3E65003D1837 /* ListasDeCargaViewController.swift in Sources */,
				0583B5B322F3C4FF00E1B5C4 /* StorageManager.swift in Sources */,
				0500A7B622F0811900440332 /* ItemsDevolucionVC.swift in Sources */,
				052A369B22F0F8FB00B68DB5 /* EnviarCorreosDanoVC.swift in Sources */,
				059C963722CDD969006CBF9A /* Cliente.swift in Sources */,
				05C9C0AA2332F6D10056B96A /* EnviarCorreoEnvioViewController.swift in Sources */,
				0500A7C722F0CDC200440332 /* ConfirmacionDatosDanoVC.swift in Sources */,
				057ACE9022F9FFFD00D2D095 /* TipoDano.swift in Sources */,
				052A369922F0F47200B68DB5 /* ResumenItemsDanoVC.swift in Sources */,
				053D482922EF3F1F00752F15 /* ReporteDevolucion.swift in Sources */,
				0562DECD22F2434A0096FD61 /* ConfirmacionDatosCapacitacionVC.swift in Sources */,
				05E93BB922C43E790018FF2A /* ReporteEnvioVC.swift in Sources */,
				0500A7C322F0C62C00440332 /* ReporteDanoVC.swift in Sources */,
				05EEDE1422E2587300F129F6 /* FotosTransporteVC.swift in Sources */,
				050C2E07233402AB00F9B8C0 /* NumerosDevolucionViewController.swift in Sources */,
				05E93BBC22C4405C0018FF2A /* OptionTableViewCell.swift in Sources */,
				0500A7C922F0CF9C00440332 /* ItemsDanoVC.swift in Sources */,
				0583B5A022F351BA00E1B5C4 /* ReporteSeguimientoVC.swift in Sources */,
				05F96FC522E0F60B00E3CAC6 /* AgregarRemisionVC.swift in Sources */,
				05F3C81922F120AC00B89B7C /* ReporteCapacitacionVC.swift in Sources */,
				0583B5A622F3574B00E1B5C4 /* ItemsSeguimientoVC.swift in Sources */,
				0583B5AA22F35AAB00E1B5C4 /* ResumenSeguimientoViewController.swift in Sources */,
				05D055E122E11F5500B504F8 /* FotosResumenTableViewCell.swift in Sources */,
				0562DED322F251580096FD61 /* ResumenCapacitacionVC.swift in Sources */,
				0562DEC722F23F4D0096FD61 /* ReporteObraVC.swift in Sources */,
				0517AEF722DD2CC700422D70 /* Proyecto.swift in Sources */,
				0500A7BE22F0A2C500440332 /* OptionDevolucionTableViewCell.swift in Sources */,
				0562DECF22F244B70096FD61 /* ItemsCapacitacionVC.swift in Sources */,
				0517AEF522DD1F8D00422D70 /* ReporteEnvio.swift in Sources */,
				0517AEF922DD413A00422D70 /* ConfirmacionProyectoVC.swift in Sources */,
				053D482D22EFA12500752F15 /* DatosTransporteDevolucionVC.swift in Sources */,
				05E508D322DE6DF300A1C911 /* Item.swift in Sources */,
				0592F20022DE3AF500F6EA21 /* ItemsVC.swift in Sources */,
				0562DED722F272960096FD61 /* EnviarCorreosCapacitacionVC.swift in Sources */,
				0583B5A422F3538E00E1B5C4 /* ConfirmacionDatosSeguimientoVC.swift in Sources */,
				050C2E052333FC3700F9B8C0 /* DocumentoClienteViewController.swift in Sources */,
				0583B5B122F39E6A00E1B5C4 /* FirebaseDBManager.swift in Sources */,
				05897CDF22C3FD83008AF884 /* AppDelegate.swift in Sources */,
				05A113D422C412D600D0A16E /* Constants.swift in Sources */,
				0562DEC922F2405F0096FD61 /* ReporteCapacitacion.swift in Sources */,
				0500A7C022F0A68100440332 /* ResumenItemsDevolucionVC.swift in Sources */,
				05D29C47232C53A5003D1837 /* RemisionTableViewCell.swift in Sources */,
				053D482722EF3EF500752F15 /* ReporteDevolucionVC.swift in Sources */,
				05D055E322E1409E00B504F8 /* HeaderResumenItemsTableViewCell.swift in Sources */,
				050C2E0923342A1700F9B8C0 /* EnviarReporteDevolucionViewController.swift in Sources */,
				0562DECB22F240B60096FD61 /* ActividadCapacitacion.swift in Sources */,
				05A113D722C41BD200D0A16E /* MainMenu.swift in Sources */,
			);
			runOnlyForDeploymentPostprocessing = 0;
		};
/* End PBXSourcesBuildPhase section */

/* Begin PBXVariantGroup section */
		05897CE222C3FD83008AF884 /* Main.storyboard */ = {
			isa = PBXVariantGroup;
			children = (
				05897CE322C3FD83008AF884 /* Base */,
			);
			name = Main.storyboard;
			sourceTree = "<group>";
		};
		05897CE722C3FD85008AF884 /* LaunchScreen.storyboard */ = {
			isa = PBXVariantGroup;
			children = (
				05897CE822C3FD85008AF884 /* Base */,
			);
			name = LaunchScreen.storyboard;
			sourceTree = "<group>";
		};
/* End PBXVariantGroup section */

/* Begin XCBuildConfiguration section */
		05897CEB22C3FD85008AF884 /* Debug */ = {
			isa = XCBuildConfiguration;
			buildSettings = {
				ALWAYS_SEARCH_USER_PATHS = NO;
				CLANG_ANALYZER_NONNULL = YES;
				CLANG_ANALYZER_NUMBER_OBJECT_CONVERSION = YES_AGGRESSIVE;
				CLANG_CXX_LANGUAGE_STANDARD = "gnu++14";
				CLANG_CXX_LIBRARY = "libc++";
				CLANG_ENABLE_MODULES = YES;
				CLANG_ENABLE_OBJC_ARC = YES;
				CLANG_ENABLE_OBJC_WEAK = YES;
				CLANG_WARN_BLOCK_CAPTURE_AUTORELEASING = YES;
				CLANG_WARN_BOOL_CONVERSION = YES;
				CLANG_WARN_COMMA = YES;
				CLANG_WARN_CONSTANT_CONVERSION = YES;
				CLANG_WARN_DEPRECATED_OBJC_IMPLEMENTATIONS = YES;
				CLANG_WARN_DIRECT_OBJC_ISA_USAGE = YES_ERROR;
				CLANG_WARN_DOCUMENTATION_COMMENTS = YES;
				CLANG_WARN_EMPTY_BODY = YES;
				CLANG_WARN_ENUM_CONVERSION = YES;
				CLANG_WARN_INFINITE_RECURSION = YES;
				CLANG_WARN_INT_CONVERSION = YES;
				CLANG_WARN_NON_LITERAL_NULL_CONVERSION = YES;
				CLANG_WARN_OBJC_IMPLICIT_RETAIN_SELF = YES;
				CLANG_WARN_OBJC_LITERAL_CONVERSION = YES;
				CLANG_WARN_OBJC_ROOT_CLASS = YES_ERROR;
				CLANG_WARN_RANGE_LOOP_ANALYSIS = YES;
				CLANG_WARN_STRICT_PROTOTYPES = YES;
				CLANG_WARN_SUSPICIOUS_MOVE = YES;
				CLANG_WARN_UNGUARDED_AVAILABILITY = YES_AGGRESSIVE;
				CLANG_WARN_UNREACHABLE_CODE = YES;
				CLANG_WARN__DUPLICATE_METHOD_MATCH = YES;
				CODE_SIGN_IDENTITY = "iPhone Developer";
				COPY_PHASE_STRIP = NO;
				DEBUG_INFORMATION_FORMAT = dwarf;
				ENABLE_STRICT_OBJC_MSGSEND = YES;
				ENABLE_TESTABILITY = YES;
				GCC_C_LANGUAGE_STANDARD = gnu11;
				GCC_DYNAMIC_NO_PIC = NO;
				GCC_NO_COMMON_BLOCKS = YES;
				GCC_OPTIMIZATION_LEVEL = 0;
				GCC_PREPROCESSOR_DEFINITIONS = (
					"DEBUG=1",
					"$(inherited)",
				);
				GCC_WARN_64_TO_32_BIT_CONVERSION = YES;
				GCC_WARN_ABOUT_RETURN_TYPE = YES_ERROR;
				GCC_WARN_UNDECLARED_SELECTOR = YES;
				GCC_WARN_UNINITIALIZED_AUTOS = YES_AGGRESSIVE;
				GCC_WARN_UNUSED_FUNCTION = YES;
				GCC_WARN_UNUSED_VARIABLE = YES;
				IPHONEOS_DEPLOYMENT_TARGET = 12.2;
				MTL_ENABLE_DEBUG_INFO = INCLUDE_SOURCE;
				MTL_FAST_MATH = YES;
				ONLY_ACTIVE_ARCH = YES;
				SDKROOT = iphoneos;
				SWIFT_ACTIVE_COMPILATION_CONDITIONS = DEBUG;
				SWIFT_OPTIMIZATION_LEVEL = "-Onone";
			};
			name = Debug;
		};
		05897CEC22C3FD85008AF884 /* Release */ = {
			isa = XCBuildConfiguration;
			buildSettings = {
				ALWAYS_SEARCH_USER_PATHS = NO;
				CLANG_ANALYZER_NONNULL = YES;
				CLANG_ANALYZER_NUMBER_OBJECT_CONVERSION = YES_AGGRESSIVE;
				CLANG_CXX_LANGUAGE_STANDARD = "gnu++14";
				CLANG_CXX_LIBRARY = "libc++";
				CLANG_ENABLE_MODULES = YES;
				CLANG_ENABLE_OBJC_ARC = YES;
				CLANG_ENABLE_OBJC_WEAK = YES;
				CLANG_WARN_BLOCK_CAPTURE_AUTORELEASING = YES;
				CLANG_WARN_BOOL_CONVERSION = YES;
				CLANG_WARN_COMMA = YES;
				CLANG_WARN_CONSTANT_CONVERSION = YES;
				CLANG_WARN_DEPRECATED_OBJC_IMPLEMENTATIONS = YES;
				CLANG_WARN_DIRECT_OBJC_ISA_USAGE = YES_ERROR;
				CLANG_WARN_DOCUMENTATION_COMMENTS = YES;
				CLANG_WARN_EMPTY_BODY = YES;
				CLANG_WARN_ENUM_CONVERSION = YES;
				CLANG_WARN_INFINITE_RECURSION = YES;
				CLANG_WARN_INT_CONVERSION = YES;
				CLANG_WARN_NON_LITERAL_NULL_CONVERSION = YES;
				CLANG_WARN_OBJC_IMPLICIT_RETAIN_SELF = YES;
				CLANG_WARN_OBJC_LITERAL_CONVERSION = YES;
				CLANG_WARN_OBJC_ROOT_CLASS = YES_ERROR;
				CLANG_WARN_RANGE_LOOP_ANALYSIS = YES;
				CLANG_WARN_STRICT_PROTOTYPES = YES;
				CLANG_WARN_SUSPICIOUS_MOVE = YES;
				CLANG_WARN_UNGUARDED_AVAILABILITY = YES_AGGRESSIVE;
				CLANG_WARN_UNREACHABLE_CODE = YES;
				CLANG_WARN__DUPLICATE_METHOD_MATCH = YES;
				CODE_SIGN_IDENTITY = "iPhone Developer";
				COPY_PHASE_STRIP = NO;
				DEBUG_INFORMATION_FORMAT = "dwarf-with-dsym";
				ENABLE_NS_ASSERTIONS = NO;
				ENABLE_STRICT_OBJC_MSGSEND = YES;
				GCC_C_LANGUAGE_STANDARD = gnu11;
				GCC_NO_COMMON_BLOCKS = YES;
				GCC_WARN_64_TO_32_BIT_CONVERSION = YES;
				GCC_WARN_ABOUT_RETURN_TYPE = YES_ERROR;
				GCC_WARN_UNDECLARED_SELECTOR = YES;
				GCC_WARN_UNINITIALIZED_AUTOS = YES_AGGRESSIVE;
				GCC_WARN_UNUSED_FUNCTION = YES;
				GCC_WARN_UNUSED_VARIABLE = YES;
				IPHONEOS_DEPLOYMENT_TARGET = 12.2;
				MTL_ENABLE_DEBUG_INFO = NO;
				MTL_FAST_MATH = YES;
				SDKROOT = iphoneos;
				SWIFT_COMPILATION_MODE = wholemodule;
				SWIFT_OPTIMIZATION_LEVEL = "-O";
				VALIDATE_PRODUCT = YES;
			};
			name = Release;
		};
		05897CEE22C3FD85008AF884 /* Debug */ = {
			isa = XCBuildConfiguration;
			baseConfigurationReference = B7F112B4EAB0F69CD94BFD79 /* Pods-TuDoka.debug.xcconfig */;
			buildSettings = {
				ASSETCATALOG_COMPILER_APPICON_NAME = AppIcon;
				CODE_SIGN_STYLE = Automatic;
				DEVELOPMENT_TEAM = X4SA8D3UGH;
				INFOPLIST_FILE = TuDoka/Info.plist;
				LD_RUNPATH_SEARCH_PATHS = (
					"$(inherited)",
					"@executable_path/Frameworks",
				);
				PRODUCT_BUNDLE_IDENTIFIER = com.panteraNegra.TuDoka;
				PRODUCT_NAME = "$(TARGET_NAME)";
				SWIFT_VERSION = 5.0;
				TARGETED_DEVICE_FAMILY = "1,2";
			};
			name = Debug;
		};
		05897CEF22C3FD85008AF884 /* Release */ = {
			isa = XCBuildConfiguration;
			baseConfigurationReference = B72034197965470630B3D5B6 /* Pods-TuDoka.release.xcconfig */;
			buildSettings = {
				ASSETCATALOG_COMPILER_APPICON_NAME = AppIcon;
				CODE_SIGN_STYLE = Automatic;
				DEVELOPMENT_TEAM = X4SA8D3UGH;
				INFOPLIST_FILE = TuDoka/Info.plist;
				LD_RUNPATH_SEARCH_PATHS = (
					"$(inherited)",
					"@executable_path/Frameworks",
				);
				PRODUCT_BUNDLE_IDENTIFIER = com.panteraNegra.TuDoka;
				PRODUCT_NAME = "$(TARGET_NAME)";
				SWIFT_VERSION = 5.0;
				TARGETED_DEVICE_FAMILY = "1,2";
			};
			name = Release;
		};
/* End XCBuildConfiguration section */

/* Begin XCConfigurationList section */
		05897CD622C3FD83008AF884 /* Build configuration list for PBXProject "TuDoka" */ = {
			isa = XCConfigurationList;
			buildConfigurations = (
				05897CEB22C3FD85008AF884 /* Debug */,
				05897CEC22C3FD85008AF884 /* Release */,
			);
			defaultConfigurationIsVisible = 0;
			defaultConfigurationName = Release;
		};
		05897CED22C3FD85008AF884 /* Build configuration list for PBXNativeTarget "TuDoka" */ = {
			isa = XCConfigurationList;
			buildConfigurations = (
				05897CEE22C3FD85008AF884 /* Debug */,
				05897CEF22C3FD85008AF884 /* Release */,
			);
			defaultConfigurationIsVisible = 0;
			defaultConfigurationName = Release;
		};
/* End XCConfigurationList section */
	};
	rootObject = 05897CD322C3FD83008AF884 /* Project object */;
}
